// !$*UTF8*$!
{
	archiveVersion = 1;
	classes = {
	};
	objectVersion = 50;
	objects = {

/* Begin PBXBuildFile section */
		5185267B23C7396100BBD8CB /* AppDelegate.swift in Sources */ = {isa = PBXBuildFile; fileRef = 5185267A23C7396100BBD8CB /* AppDelegate.swift */; };
		5185267D23C7396100BBD8CB /* SceneDelegate.swift in Sources */ = {isa = PBXBuildFile; fileRef = 5185267C23C7396100BBD8CB /* SceneDelegate.swift */; };
		5185267F23C7396100BBD8CB /* ViewController.swift in Sources */ = {isa = PBXBuildFile; fileRef = 5185267E23C7396100BBD8CB /* ViewController.swift */; };
		5185268223C7396100BBD8CB /* Main.storyboard in Resources */ = {isa = PBXBuildFile; fileRef = 5185268023C7396100BBD8CB /* Main.storyboard */; };
		5185268423C7396200BBD8CB /* Assets.xcassets in Resources */ = {isa = PBXBuildFile; fileRef = 5185268323C7396200BBD8CB /* Assets.xcassets */; };
		5185268723C7396200BBD8CB /* LaunchScreen.storyboard in Resources */ = {isa = PBXBuildFile; fileRef = 5185268523C7396200BBD8CB /* LaunchScreen.storyboard */; };
		5185269323C7399D00BBD8CB /* Person.xcdatamodeld in Sources */ = {isa = PBXBuildFile; fileRef = 5185269123C7399D00BBD8CB /* Person.xcdatamodeld */; };
		5185269E23C749ED00BBD8CB /* Person+CoreDataClass.swift in Sources */ = {isa = PBXBuildFile; fileRef = 5185269C23C749ED00BBD8CB /* Person+CoreDataClass.swift */; };
		5185269F23C749ED00BBD8CB /* Person+CoreDataProperties.swift in Sources */ = {isa = PBXBuildFile; fileRef = 5185269D23C749ED00BBD8CB /* Person+CoreDataProperties.swift */; };
		518AA12623CC92D000E9BA73 /* MyTableViewCell.swift in Sources */ = {isa = PBXBuildFile; fileRef = 518AA12523CC92D000E9BA73 /* MyTableViewCell.swift */; };
/* End PBXBuildFile section */

/* Begin PBXFileReference section */
		5185267723C7396100BBD8CB /* CoreDataTest.app */ = {isa = PBXFileReference; explicitFileType = wrapper.application; includeInIndex = 0; path = CoreDataTest.app; sourceTree = BUILT_PRODUCTS_DIR; };
		5185267A23C7396100BBD8CB /* AppDelegate.swift */ = {isa = PBXFileReference; lastKnownFileType = sourcecode.swift; path = AppDelegate.swift; sourceTree = "<group>"; };
		5185267C23C7396100BBD8CB /* SceneDelegate.swift */ = {isa = PBXFileReference; lastKnownFileType = sourcecode.swift; path = SceneDelegate.swift; sourceTree = "<group>"; };
		5185267E23C7396100BBD8CB /* ViewController.swift */ = {isa = PBXFileReference; lastKnownFileType = sourcecode.swift; path = ViewController.swift; sourceTree = "<group>"; };
		5185268123C7396100BBD8CB /* Base */ = {isa = PBXFileReference; lastKnownFileType = file.storyboard; name = Base; path = Base.lproj/Main.storyboard; sourceTree = "<group>"; };
		5185268323C7396200BBD8CB /* Assets.xcassets */ = {isa = PBXFileReference; lastKnownFileType = folder.assetcatalog; path = Assets.xcassets; sourceTree = "<group>"; };
		5185268623C7396200BBD8CB /* Base */ = {isa = PBXFileReference; lastKnownFileType = file.storyboard; name = Base; path = Base.lproj/LaunchScreen.storyboard; sourceTree = "<group>"; };
		5185268823C7396200BBD8CB /* Info.plist */ = {isa = PBXFileReference; lastKnownFileType = text.plist.xml; path = Info.plist; sourceTree = "<group>"; };
		5185269223C7399D00BBD8CB /* Person.xcdatamodel */ = {isa = PBXFileReference; lastKnownFileType = wrapper.xcdatamodel; path = Person.xcdatamodel; sourceTree = "<group>"; };
		5185269C23C749ED00BBD8CB /* Person+CoreDataClass.swift */ = {isa = PBXFileReference; lastKnownFileType = sourcecode.swift; path = "Person+CoreDataClass.swift"; sourceTree = "<group>"; };
		5185269D23C749ED00BBD8CB /* Person+CoreDataProperties.swift */ = {isa = PBXFileReference; lastKnownFileType = sourcecode.swift; path = "Person+CoreDataProperties.swift"; sourceTree = "<group>"; };
		518AA12523CC92D000E9BA73 /* MyTableViewCell.swift */ = {isa = PBXFileReference; lastKnownFileType = sourcecode.swift; path = MyTableViewCell.swift; sourceTree = "<group>"; };
		51E48AE923C82D4A0084D927 /* Person 2.xcdatamodel */ = {isa = PBXFileReference; lastKnownFileType = wrapper.xcdatamodel; path = "Person 2.xcdatamodel"; sourceTree = "<group>"; };
/* End PBXFileReference section */

/* Begin PBXFrameworksBuildPhase section */
		5185267423C7396100BBD8CB /* Frameworks */ = {
			isa = PBXFrameworksBuildPhase;
			buildActionMask = 2147483647;
			files = (
			);
			runOnlyForDeploymentPostprocessing = 0;
		};
/* End PBXFrameworksBuildPhase section */

/* Begin PBXGroup section */
		5185266E23C7396100BBD8CB = {
			isa = PBXGroup;
			children = (
				5185269C23C749ED00BBD8CB /* Person+CoreDataClass.swift */,
				5185269D23C749ED00BBD8CB /* Person+CoreDataProperties.swift */,
				5185267923C7396100BBD8CB /* CoreDataTest */,
				5185267823C7396100BBD8CB /* Products */,
			);
			sourceTree = "<group>";
		};
		5185267823C7396100BBD8CB /* Products */ = {
			isa = PBXGroup;
			children = (
				5185267723C7396100BBD8CB /* CoreDataTest.app */,
			);
			name = Products;
			sourceTree = "<group>";
		};
		5185267923C7396100BBD8CB /* CoreDataTest */ = {
			isa = PBXGroup;
			children = (
				5185267A23C7396100BBD8CB /* AppDelegate.swift */,
				5185267C23C7396100BBD8CB /* SceneDelegate.swift */,
				5185267E23C7396100BBD8CB /* ViewController.swift */,
				518AA12523CC92D000E9BA73 /* MyTableViewCell.swift */,
				5185269123C7399D00BBD8CB /* Person.xcdatamodeld */,
				5185268023C7396100BBD8CB /* Main.storyboard */,
				5185268323C7396200BBD8CB /* Assets.xcassets */,
				5185268523C7396200BBD8CB /* LaunchScreen.storyboard */,
				5185268823C7396200BBD8CB /* Info.plist */,
			);
			path = CoreDataTest;
			sourceTree = "<group>";
		};
/* End PBXGroup section */

/* Begin PBXNativeTarget section */
		5185267623C7396100BBD8CB /* CoreDataTest */ = {
			isa = PBXNativeTarget;
			buildConfigurationList = 5185268B23C7396200BBD8CB /* Build configuration list for PBXNativeTarget "CoreDataTest" */;
			buildPhases = (
				5185267323C7396100BBD8CB /* Sources */,
				5185267423C7396100BBD8CB /* Frameworks */,
				5185267523C7396100BBD8CB /* Resources */,
			);
			buildRules = (
			);
			dependencies = (
			);
			name = CoreDataTest;
			productName = CoreDataTest;
			productReference = 5185267723C7396100BBD8CB /* CoreDataTest.app */;
			productType = "com.apple.product-type.application";
		};
/* End PBXNativeTarget section */

/* Begin PBXProject section */
		5185266F23C7396100BBD8CB /* Project object */ = {
			isa = PBXProject;
			attributes = {
				LastSwiftUpdateCheck = 1130;
				LastUpgradeCheck = 1130;
				ORGANIZATIONNAME = "nie yu";
				TargetAttributes = {
					5185267623C7396100BBD8CB = {
						CreatedOnToolsVersion = 11.3;
					};
				};
			};
			buildConfigurationList = 5185267223C7396100BBD8CB /* Build configuration list for PBXProject "CoreDataTest" */;
			compatibilityVersion = "Xcode 9.3";
			developmentRegion = en;
			hasScannedForEncodings = 0;
			knownRegions = (
				en,
				Base,
			);
			mainGroup = 5185266E23C7396100BBD8CB;
			productRefGroup = 5185267823C7396100BBD8CB /* Products */;
			projectDirPath = "";
			projectRoot = "";
			targets = (
				5185267623C7396100BBD8CB /* CoreDataTest */,
			);
		};
/* End PBXProject section */

/* Begin PBXResourcesBuildPhase section */
		5185267523C7396100BBD8CB /* Resources */ = {
			isa = PBXResourcesBuildPhase;
			buildActionMask = 2147483647;
			files = (
				5185268723C7396200BBD8CB /* LaunchScreen.storyboard in Resources */,
				5185268423C7396200BBD8CB /* Assets.xcassets in Resources */,
				5185268223C7396100BBD8CB /* Main.storyboard in Resources */,
			);
			runOnlyForDeploymentPostprocessing = 0;
		};
/* End PBXResourcesBuildPhase section */

/* Begin PBXSourcesBuildPhase section */
		5185267323C7396100BBD8CB /* Sources */ = {
			isa = PBXSourcesBuildPhase;
			buildActionMask = 2147483647;
			files = (
				518AA12623CC92D000E9BA73 /* MyTableViewCell.swift in Sources */,
				5185269F23C749ED00BBD8CB /* Person+CoreDataProperties.swift in Sources */,
				5185267F23C7396100BBD8CB /* ViewController.swift in Sources */,
				5185269E23C749ED00BBD8CB /* Person+CoreDataClass.swift in Sources */,
				5185267B23C7396100BBD8CB /* AppDelegate.swift in Sources */,
				5185269323C7399D00BBD8CB /* Person.xcdatamodeld in Sources */,
				5185267D23C7396100BBD8CB /* SceneDelegate.swift in Sources */,
			);
			runOnlyForDeploymentPostprocessing = 0;
		};
/* End PBXSourcesBuildPhase section */

/* Begin PBXVariantGroup section */
		5185268023C7396100BBD8CB /* Main.storyboard */ = {
			isa = PBXVariantGroup;
			children = (
				5185268123C7396100BBD8CB /* Base */,
			);
			name = Main.storyboard;
			sourceTree = "<group>";
		};
		5185268523C7396200BBD8CB /* LaunchScreen.storyboard */ = {
			isa = PBXVariantGroup;
			children = (
				5185268623C7396200BBD8CB /* Base */,
			);
			name = LaunchScreen.storyboard;
			sourceTree = "<group>";
		};
/* End PBXVariantGroup section */

/* Begin XCBuildConfiguration section */
		5185268923C7396200BBD8CB /* Debug */ = {
			isa = XCBuildConfiguration;
			buildSettings = {
				ALWAYS_SEARCH_USER_PATHS = NO;
				CLANG_ANALYZER_NONNULL = YES;
				CLANG_ANALYZER_NUMBER_OBJECT_CONVERSION = YES_AGGRESSIVE;
				CLANG_CXX_LANGUAGE_STANDARD = "gnu++14";
				CLANG_CXX_LIBRARY = "libc++";
				CLANG_ENABLE_MODULES = YES;
				CLANG_ENABLE_OBJC_ARC = YES;
				CLANG_ENABLE_OBJC_WEAK = YES;
				CLANG_WARN_BLOCK_CAPTURE_AUTORELEASING = YES;
				CLANG_WARN_BOOL_CONVERSION = YES;
				CLANG_WARN_COMMA = YES;
				CLANG_WARN_CONSTANT_CONVERSION = YES;
				CLANG_WARN_DEPRECATED_OBJC_IMPLEMENTATIONS = YES;
				CLANG_WARN_DIRECT_OBJC_ISA_USAGE = YES_ERROR;
				CLANG_WARN_DOCUMENTATION_COMMENTS = YES;
				CLANG_WARN_EMPTY_BODY = YES;
				CLANG_WARN_ENUM_CONVERSION = YES;
				CLANG_WARN_INFINITE_RECURSION = YES;
				CLANG_WARN_INT_CONVERSION = YES;
				CLANG_WARN_NON_LITERAL_NULL_CONVERSION = YES;
				CLANG_WARN_OBJC_IMPLICIT_RETAIN_SELF = YES;
				CLANG_WARN_OBJC_LITERAL_CONVERSION = YES;
				CLANG_WARN_OBJC_ROOT_CLASS = YES_ERROR;
				CLANG_WARN_RANGE_LOOP_ANALYSIS = YES;
				CLANG_WARN_STRICT_PROTOTYPES = YES;
				CLANG_WARN_SUSPICIOUS_MOVE = YES;
				CLANG_WARN_UNGUARDED_AVAILABILITY = YES_AGGRESSIVE;
				CLANG_WARN_UNREACHABLE_CODE = YES;
				CLANG_WARN__DUPLICATE_METHOD_MATCH = YES;
				COPY_PHASE_STRIP = NO;
				DEBUG_INFORMATION_FORMAT = dwarf;
				ENABLE_STRICT_OBJC_MSGSEND = YES;
				ENABLE_TESTABILITY = YES;
				GCC_C_LANGUAGE_STANDARD = gnu11;
				GCC_DYNAMIC_NO_PIC = NO;
				GCC_NO_COMMON_BLOCKS = YES;
				GCC_OPTIMIZATION_LEVEL = 0;
				GCC_PREPROCESSOR_DEFINITIONS = (
					"DEBUG=1",
					"$(inherited)",
				);
				GCC_WARN_64_TO_32_BIT_CONVERSION = YES;
				GCC_WARN_ABOUT_RETURN_TYPE = YES_ERROR;
				GCC_WARN_UNDECLARED_SELECTOR = YES;
				GCC_WARN_UNINITIALIZED_AUTOS = YES_AGGRESSIVE;
				GCC_WARN_UNUSED_FUNCTION = YES;
				GCC_WARN_UNUSED_VARIABLE = YES;
				IPHONEOS_DEPLOYMENT_TARGET = 13.2;
				MTL_ENABLE_DEBUG_INFO = INCLUDE_SOURCE;
				MTL_FAST_MATH = YES;
				ONLY_ACTIVE_ARCH = YES;
				SDKROOT = iphoneos;
				SWIFT_ACTIVE_COMPILATION_CONDITIONS = DEBUG;
				SWIFT_OPTIMIZATION_LEVEL = "-Onone";
			};
			name = Debug;
		};
		5185268A23C7396200BBD8CB /* Release */ = {
			isa = XCBuildConfiguration;
			buildSettings = {
				ALWAYS_SEARCH_USER_PATHS = NO;
				CLANG_ANALYZER_NONNULL = YES;
				CLANG_ANALYZER_NUMBER_OBJECT_CONVERSION = YES_AGGRESSIVE;
				CLANG_CXX_LANGUAGE_STANDARD = "gnu++14";
				CLANG_CXX_LIBRARY = "libc++";
				CLANG_ENABLE_MODULES = YES;
				CLANG_ENABLE_OBJC_ARC = YES;
				CLANG_ENABLE_OBJC_WEAK = YES;
				CLANG_WARN_BLOCK_CAPTURE_AUTORELEASING = YES;
				CLANG_WARN_BOOL_CONVERSION = YES;
				CLANG_WARN_COMMA = YES;
				CLANG_WARN_CONSTANT_CONVERSION = YES;
				CLANG_WARN_DEPRECATED_OBJC_IMPLEMENTATIONS = YES;
				CLANG_WARN_DIRECT_OBJC_ISA_USAGE = YES_ERROR;
				CLANG_WARN_DOCUMENTATION_COMMENTS = YES;
				CLANG_WARN_EMPTY_BODY = YES;
				CLANG_WARN_ENUM_CONVERSION = YES;
				CLANG_WARN_INFINITE_RECURSION = YES;
				CLANG_WARN_INT_CONVERSION = YES;
				CLANG_WARN_NON_LITERAL_NULL_CONVERSION = YES;
				CLANG_WARN_OBJC_IMPLICIT_RETAIN_SELF = YES;
				CLANG_WARN_OBJC_LITERAL_CONVERSION = YES;
				CLANG_WARN_OBJC_ROOT_CLASS = YES_ERROR;
				CLANG_WARN_RANGE_LOOP_ANALYSIS = YES;
				CLANG_WARN_STRICT_PROTOTYPES = YES;
				CLANG_WARN_SUSPICIOUS_MOVE = YES;
				CLANG_WARN_UNGUARDED_AVAILABILITY = YES_AGGRESSIVE;
				CLANG_WARN_UNREACHABLE_CODE = YES;
				CLANG_WARN__DUPLICATE_METHOD_MATCH = YES;
				COPY_PHASE_STRIP = NO;
				DEBUG_INFORMATION_FORMAT = "dwarf-with-dsym";
				ENABLE_NS_ASSERTIONS = NO;
				ENABLE_STRICT_OBJC_MSGSEND = YES;
				GCC_C_LANGUAGE_STANDARD = gnu11;
				GCC_NO_COMMON_BLOCKS = YES;
				GCC_WARN_64_TO_32_BIT_CONVERSION = YES;
				GCC_WARN_ABOUT_RETURN_TYPE = YES_ERROR;
				GCC_WARN_UNDECLARED_SELECTOR = YES;
				GCC_WARN_UNINITIALIZED_AUTOS = YES_AGGRESSIVE;
				GCC_WARN_UNUSED_FUNCTION = YES;
				GCC_WARN_UNUSED_VARIABLE = YES;
				IPHONEOS_DEPLOYMENT_TARGET = 13.2;
				MTL_ENABLE_DEBUG_INFO = NO;
				MTL_FAST_MATH = YES;
				SDKROOT = iphoneos;
				SWIFT_COMPILATION_MODE = wholemodule;
				SWIFT_OPTIMIZATION_LEVEL = "-O";
				VALIDATE_PRODUCT = YES;
			};
			name = Release;
		};
		5185268C23C7396200BBD8CB /* Debug */ = {
			isa = XCBuildConfiguration;
			buildSettings = {
				ASSETCATALOG_COMPILER_APPICON_NAME = AppIcon;
				CODE_SIGN_STYLE = Automatic;
				DEVELOPMENT_TEAM = W5JQ3L7DHT;
				INFOPLIST_FILE = CoreDataTest/Info.plist;
				IPHONEOS_DEPLOYMENT_TARGET = 12.0;
				LD_RUNPATH_SEARCH_PATHS = (
					"$(inherited)",
					"@executable_path/Frameworks",
				);
				PRODUCT_BUNDLE_IDENTIFIER = com.nieyu.CoreDataTest;
				PRODUCT_NAME = "$(TARGET_NAME)";
				SWIFT_VERSION = 5.0;
				TARGETED_DEVICE_FAMILY = "1,2";
			};
			name = Debug;
		};
		5185268D23C7396200BBD8CB /* Release */ = {
			isa = XCBuildConfiguration;
			buildSettings = {
				ASSETCATALOG_COMPILER_APPICON_NAME = AppIcon;
				CODE_SIGN_STYLE = Automatic;
				DEVELOPMENT_TEAM = W5JQ3L7DHT;
				INFOPLIST_FILE = CoreDataTest/Info.plist;
				IPHONEOS_DEPLOYMENT_TARGET = 12.0;
				LD_RUNPATH_SEARCH_PATHS = (
					"$(inherited)",
					"@executable_path/Frameworks",
				);
				PRODUCT_BUNDLE_IDENTIFIER = com.nieyu.CoreDataTest;
				PRODUCT_NAME = "$(TARGET_NAME)";
				SWIFT_VERSION = 5.0;
				TARGETED_DEVICE_FAMILY = "1,2";
			};
			name = Release;
		};
/* End XCBuildConfiguration section */

/* Begin XCConfigurationList section */
		5185267223C7396100BBD8CB /* Build configuration list for PBXProject "CoreDataTest" */ = {
			isa = XCConfigurationList;
			buildConfigurations = (
				5185268923C7396200BBD8CB /* Debug */,
				5185268A23C7396200BBD8CB /* Release */,
			);
			defaultConfigurationIsVisible = 0;
			defaultConfigurationName = Release;
		};
		5185268B23C7396200BBD8CB /* Build configuration list for PBXNativeTarget "CoreDataTest" */ = {
			isa = XCConfigurationList;
			buildConfigurations = (
				5185268C23C7396200BBD8CB /* Debug */,
				5185268D23C7396200BBD8CB /* Release */,
			);
			defaultConfigurationIsVisible = 0;
			defaultConfigurationName = Release;
		};
/* End XCConfigurationList section */

/* Begin XCVersionGroup section */
		5185269123C7399D00BBD8CB /* Person.xcdatamodeld */ = {
			isa = XCVersionGroup;
			children = (
				51E48AE923C82D4A0084D927 /* Person 2.xcdatamodel */,
				5185269223C7399D00BBD8CB /* Person.xcdatamodel */,
			);
			currentVersion = 5185269223C7399D00BBD8CB /* Person.xcdatamodel */;
			path = Person.xcdatamodeld;
			sourceTree = "<group>";
			versionGroupType = wrapper.xcdatamodel;
		};
/* End XCVersionGroup section */
	};
	rootObject = 5185266F23C7396100BBD8CB /* Project object */;
}
